
Microsoft Visual Studio Solution File, Format Version 12.00
# Visual Studio 2012
Project("{FAE04EC0-301F-11D3-BF4B-00C04F79EFBC}") = "Rehapp", "Rehapp\Rehapp.csproj", "{10EE1C95-EDE2-4B64-A7CF-81F9326A2B7B}"
EndProject
Project("{FAE04EC0-301F-11D3-BF4B-00C04F79EFBC}") = "Rehapp.Tests", "Rehapp.Tests\Rehapp.Tests.csproj", "{173F0893-D012-4771-A129-6A777FBEAB66}"
EndProject
Global
	GlobalSection(SolutionConfigurationPlatforms) = preSolution
		Debug|Any CPU = Debug|Any CPU
		Release|Any CPU = Release|Any CPU
	EndGlobalSection
	GlobalSection(ProjectConfigurationPlatforms) = postSolution
		{10EE1C95-EDE2-4B64-A7CF-81F9326A2B7B}.Debug|Any CPU.ActiveCfg = Debug|Any CPU
		{10EE1C95-EDE2-4B64-A7CF-81F9326A2B7B}.Debug|Any CPU.Build.0 = Debug|Any CPU
		{10EE1C95-EDE2-4B64-A7CF-81F9326A2B7B}.Release|Any CPU.ActiveCfg = Release|Any CPU
		{10EE1C95-EDE2-4B64-A7CF-81F9326A2B7B}.Release|Any CPU.Build.0 = Release|Any CPU
		{173F0893-D012-4771-A129-6A777FBEAB66}.Debug|Any CPU.ActiveCfg = Debug|Any CPU
		{173F0893-D012-4771-A129-6A777FBEAB66}.Debug|Any CPU.Build.0 = Debug|Any CPU
		{173F0893-D012-4771-A129-6A777FBEAB66}.Release|Any CPU.ActiveCfg = Release|Any CPU
		{173F0893-D012-4771-A129-6A777FBEAB66}.Release|Any CPU.Build.0 = Release|Any CPU
	EndGlobalSection
	GlobalSection(SolutionProperties) = preSolution
		HideSolutionNode = FALSE
	EndGlobalSection
EndGlobal
